// !$*UTF8*$!
{
	archiveVersion = 1;
	classes = {
	};
	objectVersion = 52;
	objects = {

/* Begin PBXBuildFile section */
		6D2C857922F4567500204377 /* NotifyAction.m in Sources */ = {isa = PBXBuildFile; fileRef = 6D2C857822F4567500204377 /* NotifyAction.m */; };
		6D3EAB1322E1E376000C0E22 /* IdCloudSecureKeypadViewController.m in Sources */ = {isa = PBXBuildFile; fileRef = 6D3EAB1222E1E376000C0E22 /* IdCloudSecureKeypadViewController.m */; };
		6D3EAB1522E1E50C000C0E22 /* IdCloudSecureKeypadViewController.xib in Resources */ = {isa = PBXBuildFile; fileRef = 6D3EAB1422E1E50C000C0E22 /* IdCloudSecureKeypadViewController.xib */; };
		6D40D9472109DBAC003E6F48 /* BaseViewController.m in Sources */ = {isa = PBXBuildFile; fileRef = 6D40D9462109DBAC003E6F48 /* BaseViewController.m */; };
		6D40D9502109F350003E6F48 /* Localizable.strings in Resources */ = {isa = PBXBuildFile; fileRef = 6D40D9522109F350003E6F48 /* Localizable.strings */; };
		6D40D98C210B5142003E6F48 /* Foundation.framework in Frameworks */ = {isa = PBXBuildFile; fileRef = 6D40D98B210B5142003E6F48 /* Foundation.framework */; };
		6D40D990210B5151003E6F48 /* UIKit.framework in Frameworks */ = {isa = PBXBuildFile; fileRef = 6D40D98F210B5151003E6F48 /* UIKit.framework */; };
		6D40D992210B5157003E6F48 /* LocalAuthentication.framework in Frameworks */ = {isa = PBXBuildFile; fileRef = 6D40D991210B5157003E6F48 /* LocalAuthentication.framework */; };
		6D40D994210B515B003E6F48 /* Security.framework in Frameworks */ = {isa = PBXBuildFile; fileRef = 6D40D993210B515B003E6F48 /* Security.framework */; };
		6D40D996210B5161003E6F48 /* AVFoundation.framework in Frameworks */ = {isa = PBXBuildFile; fileRef = 6D40D995210B5160003E6F48 /* AVFoundation.framework */; };
		6D40D99A210B5173003E6F48 /* libc++.tbd in Frameworks */ = {isa = PBXBuildFile; fileRef = 6D40D999210B5173003E6F48 /* libc++.tbd */; };
		6D40D99C210B517A003E6F48 /* libsqlite3.0.tbd in Frameworks */ = {isa = PBXBuildFile; fileRef = 6D40D99B210B517A003E6F48 /* libsqlite3.0.tbd */; };
		6D5FC8EC22D357AF00A99FD5 /* ProvisionerViewController.m in Sources */ = {isa = PBXBuildFile; fileRef = 6D5FC8EB22D357AF00A99FD5 /* ProvisionerViewController.m */; };
		6D5FC8F722D483F800A99FD5 /* IdCloudQrCodeReader.xib in Resources */ = {isa = PBXBuildFile; fileRef = 6D5FC8F622D483F800A99FD5 /* IdCloudQrCodeReader.xib */; };
		6D68F38E2328F8380076E51F /* stdafx.m in Sources */ = {isa = PBXBuildFile; fileRef = 6D68F38C2328F8330076E51F /* stdafx.m */; };
		6D9FF91921F73A8D00C4C0F0 /* KeyValue.m in Sources */ = {isa = PBXBuildFile; fileRef = 6D9FF91821F73A8D00C4C0F0 /* KeyValue.m */; };
		6DA5760920F383E500CCF413 /* TokenManager.m in Sources */ = {isa = PBXBuildFile; fileRef = 6DA5760820F383E500CCF413 /* TokenManager.m */; };
		6DA5760E20F3AC1200CCF413 /* TokenDevice.m in Sources */ = {isa = PBXBuildFile; fileRef = 6DA5760D20F3AC1200CCF413 /* TokenDevice.m */; };
		6DB1F98322E4837C0031B4F3 /* IdCloudPinEntryView.m in Sources */ = {isa = PBXBuildFile; fileRef = 6DB1F98222E4837C0031B4F3 /* IdCloudPinEntryView.m */; };
		6DB1F98522E483880031B4F3 /* IdCloudPinEntryView.xib in Resources */ = {isa = PBXBuildFile; fileRef = 6DB1F98422E483880031B4F3 /* IdCloudPinEntryView.xib */; };
		6DB1F98822E4839B0031B4F3 /* IdCloudChangePinView.m in Sources */ = {isa = PBXBuildFile; fileRef = 6DB1F98722E4839B0031B4F3 /* IdCloudChangePinView.m */; };
		6DB1F98A22E483A20031B4F3 /* IdCloudChangePinView.xib in Resources */ = {isa = PBXBuildFile; fileRef = 6DB1F98922E483A20031B4F3 /* IdCloudChangePinView.xib */; };
		6DB1FAC722E7460D0031B4F3 /* IdCloudDesignable.framework in Frameworks */ = {isa = PBXBuildFile; fileRef = 6DB1FAB022E73E6E0031B4F3 /* IdCloudDesignable.framework */; };
		6DB1FAC822E7460D0031B4F3 /* IdCloudDesignable.framework in Embed Frameworks */ = {isa = PBXBuildFile; fileRef = 6DB1FAB022E73E6E0031B4F3 /* IdCloudDesignable.framework */; settings = {ATTRIBUTES = (CodeSignOnCopy, RemoveHeadersOnCopy, ); }; };
		6DB6B2A72141279E004F27FA /* Configuration.m in Sources */ = {isa = PBXBuildFile; fileRef = 6DB6B2A62141279E004F27FA /* Configuration.m */; };
		6DCA4BFA22CCC4D40082F969 /* IdCloudNotification.m in Sources */ = {isa = PBXBuildFile; fileRef = 6DCA4BF922CCC4D40082F969 /* IdCloudNotification.m */; };
		6DCFC72022E1C4BC00B1FD4E /* SideMenuViewController.m in Sources */ = {isa = PBXBuildFile; fileRef = 6DCFC71F22E1C4BC00B1FD4E /* SideMenuViewController.m */; };
		6DE0DA5820EB61E8005A045F /* AppDelegate.m in Sources */ = {isa = PBXBuildFile; fileRef = 6DE0DA5720EB61E8005A045F /* AppDelegate.m */; };
		6DE0DA6120EB61E8005A045F /* Protector.storyboard in Resources */ = {isa = PBXBuildFile; fileRef = 6DE0DA5F20EB61E8005A045F /* Protector.storyboard */; };
		6DE0DA6320EB61EA005A045F /* Assets.xcassets in Resources */ = {isa = PBXBuildFile; fileRef = 6DE0DA6220EB61EA005A045F /* Assets.xcassets */; };
		6DE0DA6620EB61EA005A045F /* LaunchScreen.storyboard in Resources */ = {isa = PBXBuildFile; fileRef = 6DE0DA6420EB61EA005A045F /* LaunchScreen.storyboard */; };
		6DE0DA6920EB61EA005A045F /* main.m in Sources */ = {isa = PBXBuildFile; fileRef = 6DE0DA6820EB61EA005A045F /* main.m */; };
		6DE0DA8F20EB86EB005A045F /* IdCloudQrCodeReader.m in Sources */ = {isa = PBXBuildFile; fileRef = 6DE0DA8E20EB86EB005A045F /* IdCloudQrCodeReader.m */; };
		6DE0DA9A20EBC579005A045F /* IdCloudLoadingIndicator.xib in Resources */ = {isa = PBXBuildFile; fileRef = 6DE0DA9820EBC579005A045F /* IdCloudLoadingIndicator.xib */; };
		6DE0DA9D20ECD234005A045F /* IdCloudLoadingIndicator.m in Sources */ = {isa = PBXBuildFile; fileRef = 6DE0DA9C20ECD234005A045F /* IdCloudLoadingIndicator.m */; };
		6DE0DAC620F213F0005A045F /* NSData+Protector.m in Sources */ = {isa = PBXBuildFile; fileRef = 6DE0DABD20F213F0005A045F /* NSData+Protector.m */; };
		6DE0DAC720F213F0005A045F /* NSString+Protector.m in Sources */ = {isa = PBXBuildFile; fileRef = 6DE0DABE20F213F0005A045F /* NSString+Protector.m */; };
		6DE0DACA20F21523005A045F /* CMain.m in Sources */ = {isa = PBXBuildFile; fileRef = 6DE0DAC920F21523005A045F /* CMain.m */; };
		6DE0DAD020F22261005A045F /* SecureStorage.m in Sources */ = {isa = PBXBuildFile; fileRef = 6DE0DACE20F22261005A045F /* SecureStorage.m */; };
		6DE0DAD420F22274005A045F /* UserDefaults.m in Sources */ = {isa = PBXBuildFile; fileRef = 6DE0DAD220F22274005A045F /* UserDefaults.m */; };
		6DE0DAD820F23B52005A045F /* PushManager.m in Sources */ = {isa = PBXBuildFile; fileRef = 6DE0DAD720F23B52005A045F /* PushManager.m */; };
		A1F08AB92AD65A65009E8EA6 /* SecureLogAPI.xcframework in Frameworks */ = {isa = PBXBuildFile; fileRef = A1F08AB82AD65A65009E8EA6 /* SecureLogAPI.xcframework */; };
		A1F08ABD2AD65C31009E8EA6 /* EzioMobile.xcframework in Frameworks */ = {isa = PBXBuildFile; fileRef = E0616A0E28EFC53200205220 /* EzioMobile.xcframework */; };
		A1F08ABE2AD65C31009E8EA6 /* EzioMobile.xcframework in Embed Frameworks */ = {isa = PBXBuildFile; fileRef = E0616A0E28EFC53200205220 /* EzioMobile.xcframework */; settings = {ATTRIBUTES = (CodeSignOnCopy, RemoveHeadersOnCopy, ); }; };
		F4846EB8230D3E340034D115 /* Root.storyboard in Resources */ = {isa = PBXBuildFile; fileRef = F4846EB7230D3E340034D115 /* Root.storyboard */; };
		F4846EBC230D3EB10034D115 /* RootViewController.m in Sources */ = {isa = PBXBuildFile; fileRef = F4846EBB230D3EB10034D115 /* RootViewController.m */; };
		F491783C22D4CA7C00E6E3F7 /* HomeViewController.m in Sources */ = {isa = PBXBuildFile; fileRef = F491783B22D4CA7C00E6E3F7 /* HomeViewController.m */; };
		F491783F22D4CC6F00E6E3F7 /* SettingsViewController.m in Sources */ = {isa = PBXBuildFile; fileRef = F491783E22D4CC6F00E6E3F7 /* SettingsViewController.m */; };
		F491784222D4D08100E6E3F7 /* SignTransactionViewController.m in Sources */ = {isa = PBXBuildFile; fileRef = F491784122D4D08100E6E3F7 /* SignTransactionViewController.m */; };
		F491784522D4D17900E6E3F7 /* OTPViewController.m in Sources */ = {isa = PBXBuildFile; fileRef = F491784422D4D17900E6E3F7 /* OTPViewController.m */; };
		F4AB30FB23152509002CE4E8 /* IdCloudIncomingMessage.m in Sources */ = {isa = PBXBuildFile; fileRef = F4AB30F923152503002CE4E8 /* IdCloudIncomingMessage.m */; };
		F4AB30FD23152533002CE4E8 /* IdCloudIncomingMessage.xib in Resources */ = {isa = PBXBuildFile; fileRef = F4AB30FC23152533002CE4E8 /* IdCloudIncomingMessage.xib */; };
		F4E23B1B22DDBE48005CD976 /* QRCodeManager.m in Sources */ = {isa = PBXBuildFile; fileRef = F4E23B1A22DDBE48005CD976 /* QRCodeManager.m */; };
/* End PBXBuildFile section */

/* Begin PBXContainerItemProxy section */
		6DB1FAAF22E73E6E0031B4F3 /* PBXContainerItemProxy */ = {
			isa = PBXContainerItemProxy;
			containerPortal = 6DB1FAAB22E73E6E0031B4F3 /* IdCloudDesignable.xcodeproj */;
			proxyType = 2;
			remoteGlobalIDString = 6DB1FA6722E73C720031B4F3;
			remoteInfo = IdCloudDesignable;
		};
		6DB1FAC922E7460D0031B4F3 /* PBXContainerItemProxy */ = {
			isa = PBXContainerItemProxy;
			containerPortal = 6DB1FAAB22E73E6E0031B4F3 /* IdCloudDesignable.xcodeproj */;
			proxyType = 1;
			remoteGlobalIDString = 6DB1FA6622E73C720031B4F3;
			remoteInfo = IdCloudDesignable;
		};
/* End PBXContainerItemProxy section */

/* Begin PBXCopyFilesBuildPhase section */
		6DB1FACB22E7460E0031B4F3 /* Embed Frameworks */ = {
			isa = PBXCopyFilesBuildPhase;
			buildActionMask = 2147483647;
			dstPath = "";
			dstSubfolderSpec = 10;
			files = (
				A1F08ABE2AD65C31009E8EA6 /* EzioMobile.xcframework in Embed Frameworks */,
				6DB1FAC822E7460D0031B4F3 /* IdCloudDesignable.framework in Embed Frameworks */,
			);
			name = "Embed Frameworks";
			runOnlyForDeploymentPostprocessing = 0;
		};
/* End PBXCopyFilesBuildPhase section */

/* Begin PBXFileReference section */
		6D2C857722F4567500204377 /* NotifyAction.h */ = {isa = PBXFileReference; lastKnownFileType = sourcecode.c.h; path = NotifyAction.h; sourceTree = "<group>"; };
		6D2C857822F4567500204377 /* NotifyAction.m */ = {isa = PBXFileReference; lastKnownFileType = sourcecode.c.objc; path = NotifyAction.m; sourceTree = "<group>"; };
		6D3EAB1122E1E376000C0E22 /* IdCloudSecureKeypadViewController.h */ = {isa = PBXFileReference; lastKnownFileType = sourcecode.c.h; path = IdCloudSecureKeypadViewController.h; sourceTree = "<group>"; };
		6D3EAB1222E1E376000C0E22 /* IdCloudSecureKeypadViewController.m */ = {isa = PBXFileReference; lastKnownFileType = sourcecode.c.objc; path = IdCloudSecureKeypadViewController.m; sourceTree = "<group>"; };
		6D3EAB1422E1E50C000C0E22 /* IdCloudSecureKeypadViewController.xib */ = {isa = PBXFileReference; lastKnownFileType = file.xib; path = IdCloudSecureKeypadViewController.xib; sourceTree = "<group>"; };
		6D40D9452109DBAC003E6F48 /* BaseViewController.h */ = {isa = PBXFileReference; lastKnownFileType = sourcecode.c.h; path = BaseViewController.h; sourceTree = "<group>"; };
		6D40D9462109DBAC003E6F48 /* BaseViewController.m */ = {isa = PBXFileReference; lastKnownFileType = sourcecode.c.objc; path = BaseViewController.m; sourceTree = "<group>"; };
		6D40D9542109F433003E6F48 /* Base */ = {isa = PBXFileReference; lastKnownFileType = text.plist.strings; name = Base; path = Base.lproj/Localizable.strings; sourceTree = "<group>"; };
		6D40D98B210B5142003E6F48 /* Foundation.framework */ = {isa = PBXFileReference; lastKnownFileType = wrapper.framework; name = Foundation.framework; path = System/Library/Frameworks/Foundation.framework; sourceTree = SDKROOT; };
		6D40D98F210B5151003E6F48 /* UIKit.framework */ = {isa = PBXFileReference; lastKnownFileType = wrapper.framework; name = UIKit.framework; path = System/Library/Frameworks/UIKit.framework; sourceTree = SDKROOT; };
		6D40D991210B5157003E6F48 /* LocalAuthentication.framework */ = {isa = PBXFileReference; lastKnownFileType = wrapper.framework; name = LocalAuthentication.framework; path = System/Library/Frameworks/LocalAuthentication.framework; sourceTree = SDKROOT; };
		6D40D993210B515B003E6F48 /* Security.framework */ = {isa = PBXFileReference; lastKnownFileType = wrapper.framework; name = Security.framework; path = System/Library/Frameworks/Security.framework; sourceTree = SDKROOT; };
		6D40D995210B5160003E6F48 /* AVFoundation.framework */ = {isa = PBXFileReference; lastKnownFileType = wrapper.framework; name = AVFoundation.framework; path = System/Library/Frameworks/AVFoundation.framework; sourceTree = SDKROOT; };
		6D40D999210B5173003E6F48 /* libc++.tbd */ = {isa = PBXFileReference; lastKnownFileType = "sourcecode.text-based-dylib-definition"; name = "libc++.tbd"; path = "usr/lib/libc++.tbd"; sourceTree = SDKROOT; };
		6D40D99B210B517A003E6F48 /* libsqlite3.0.tbd */ = {isa = PBXFileReference; lastKnownFileType = "sourcecode.text-based-dylib-definition"; name = libsqlite3.0.tbd; path = usr/lib/libsqlite3.0.tbd; sourceTree = SDKROOT; };
		6D5FC8EA22D357AF00A99FD5 /* ProvisionerViewController.h */ = {isa = PBXFileReference; lastKnownFileType = sourcecode.c.h; path = ProvisionerViewController.h; sourceTree = "<group>"; };
		6D5FC8EB22D357AF00A99FD5 /* ProvisionerViewController.m */ = {isa = PBXFileReference; lastKnownFileType = sourcecode.c.objc; path = ProvisionerViewController.m; sourceTree = "<group>"; };
		6D5FC8F622D483F800A99FD5 /* IdCloudQrCodeReader.xib */ = {isa = PBXFileReference; lastKnownFileType = file.xib; path = IdCloudQrCodeReader.xib; sourceTree = "<group>"; };
		6D68F38C2328F8330076E51F /* stdafx.m */ = {isa = PBXFileReference; lastKnownFileType = sourcecode.c.objc; path = stdafx.m; sourceTree = "<group>"; };
		6D9FF91721F73A8D00C4C0F0 /* KeyValue.h */ = {isa = PBXFileReference; lastKnownFileType = sourcecode.c.h; path = KeyValue.h; sourceTree = "<group>"; };
		6D9FF91821F73A8D00C4C0F0 /* KeyValue.m */ = {isa = PBXFileReference; lastKnownFileType = sourcecode.c.objc; path = KeyValue.m; sourceTree = "<group>"; };
		6DA5760720F383E500CCF413 /* TokenManager.h */ = {isa = PBXFileReference; lastKnownFileType = sourcecode.c.h; path = TokenManager.h; sourceTree = "<group>"; };
		6DA5760820F383E500CCF413 /* TokenManager.m */ = {isa = PBXFileReference; lastKnownFileType = sourcecode.c.objc; path = TokenManager.m; sourceTree = "<group>"; };
		6DA5760C20F3AC1200CCF413 /* TokenDevice.h */ = {isa = PBXFileReference; lastKnownFileType = sourcecode.c.h; path = TokenDevice.h; sourceTree = "<group>"; };
		6DA5760D20F3AC1200CCF413 /* TokenDevice.m */ = {isa = PBXFileReference; lastKnownFileType = sourcecode.c.objc; path = TokenDevice.m; sourceTree = "<group>"; };
		6DA5760F20F4ACC100CCF413 /* QRCodeManager.h */ = {isa = PBXFileReference; lastKnownFileType = sourcecode.c.h; path = QRCodeManager.h; sourceTree = "<group>"; };
		6DB1F98122E4837C0031B4F3 /* IdCloudPinEntryView.h */ = {isa = PBXFileReference; lastKnownFileType = sourcecode.c.h; path = IdCloudPinEntryView.h; sourceTree = "<group>"; };
		6DB1F98222E4837C0031B4F3 /* IdCloudPinEntryView.m */ = {isa = PBXFileReference; lastKnownFileType = sourcecode.c.objc; path = IdCloudPinEntryView.m; sourceTree = "<group>"; };
		6DB1F98422E483880031B4F3 /* IdCloudPinEntryView.xib */ = {isa = PBXFileReference; lastKnownFileType = file.xib; path = IdCloudPinEntryView.xib; sourceTree = "<group>"; };
		6DB1F98622E4839B0031B4F3 /* IdCloudChangePinView.h */ = {isa = PBXFileReference; lastKnownFileType = sourcecode.c.h; path = IdCloudChangePinView.h; sourceTree = "<group>"; };
		6DB1F98722E4839B0031B4F3 /* IdCloudChangePinView.m */ = {isa = PBXFileReference; lastKnownFileType = sourcecode.c.objc; path = IdCloudChangePinView.m; sourceTree = "<group>"; };
		6DB1F98922E483A20031B4F3 /* IdCloudChangePinView.xib */ = {isa = PBXFileReference; lastKnownFileType = file.xib; path = IdCloudChangePinView.xib; sourceTree = "<group>"; };
		6DB1F98B22E488F90031B4F3 /* IdCloudTopViewProtocol.h */ = {isa = PBXFileReference; lastKnownFileType = sourcecode.c.h; path = IdCloudTopViewProtocol.h; sourceTree = "<group>"; };
		6DB1FA4A22E6F9FE0031B4F3 /* ProtectorSample.plist */ = {isa = PBXFileReference; lastKnownFileType = text.plist.xml; path = ProtectorSample.plist; sourceTree = "<group>"; };
		6DB1FAAB22E73E6E0031B4F3 /* IdCloudDesignable.xcodeproj */ = {isa = PBXFileReference; lastKnownFileType = "wrapper.pb-project"; name = IdCloudDesignable.xcodeproj; path = IdCloudDesignable/IdCloudDesignable.xcodeproj; sourceTree = "<group>"; };
		6DB6B2A62141279E004F27FA /* Configuration.m */ = {isa = PBXFileReference; fileEncoding = 4; lastKnownFileType = sourcecode.c.objc; name = Configuration.m; path = EzioMobileSampleApp/Helpers/Configuration.m; sourceTree = SOURCE_ROOT; };
		6DCA4BF822CCC4D40082F969 /* IdCloudNotification.h */ = {isa = PBXFileReference; lastKnownFileType = sourcecode.c.h; path = IdCloudNotification.h; sourceTree = "<group>"; };
		6DCA4BF922CCC4D40082F969 /* IdCloudNotification.m */ = {isa = PBXFileReference; lastKnownFileType = sourcecode.c.objc; path = IdCloudNotification.m; sourceTree = "<group>"; };
		6DCFC71E22E1C4BC00B1FD4E /* SideMenuViewController.h */ = {isa = PBXFileReference; lastKnownFileType = sourcecode.c.h; path = SideMenuViewController.h; sourceTree = "<group>"; };
		6DCFC71F22E1C4BC00B1FD4E /* SideMenuViewController.m */ = {isa = PBXFileReference; lastKnownFileType = sourcecode.c.objc; path = SideMenuViewController.m; sourceTree = "<group>"; };
		6DDBADD422F099A8009079C6 /* AudioToolbox.framework */ = {isa = PBXFileReference; lastKnownFileType = wrapper.framework; name = AudioToolbox.framework; path = System/Library/Frameworks/AudioToolbox.framework; sourceTree = SDKROOT; };
		6DE0DA5320EB61E8005A045F /* ProtectorSample.app */ = {isa = PBXFileReference; explicitFileType = wrapper.application; includeInIndex = 0; path = ProtectorSample.app; sourceTree = BUILT_PRODUCTS_DIR; };
		6DE0DA5620EB61E8005A045F /* AppDelegate.h */ = {isa = PBXFileReference; lastKnownFileType = sourcecode.c.h; path = AppDelegate.h; sourceTree = "<group>"; };
		6DE0DA5720EB61E8005A045F /* AppDelegate.m */ = {isa = PBXFileReference; lastKnownFileType = sourcecode.c.objc; path = AppDelegate.m; sourceTree = "<group>"; };
		6DE0DA6020EB61E8005A045F /* Base */ = {isa = PBXFileReference; lastKnownFileType = file.storyboard; name = Base; path = Base.lproj/Protector.storyboard; sourceTree = "<group>"; };
		6DE0DA6220EB61EA005A045F /* Assets.xcassets */ = {isa = PBXFileReference; lastKnownFileType = folder.assetcatalog; path = Assets.xcassets; sourceTree = "<group>"; };
		6DE0DA6520EB61EA005A045F /* Base */ = {isa = PBXFileReference; lastKnownFileType = file.storyboard; name = Base; path = Base.lproj/LaunchScreen.storyboard; sourceTree = "<group>"; };
		6DE0DA6820EB61EA005A045F /* main.m */ = {isa = PBXFileReference; lastKnownFileType = sourcecode.c.objc; path = main.m; sourceTree = "<group>"; };
		6DE0DA6F20EB629D005A045F /* stdafx.h */ = {isa = PBXFileReference; lastKnownFileType = sourcecode.c.h; path = stdafx.h; sourceTree = "<group>"; };
		6DE0DA8D20EB86EB005A045F /* IdCloudQrCodeReader.h */ = {isa = PBXFileReference; lastKnownFileType = sourcecode.c.h; path = IdCloudQrCodeReader.h; sourceTree = "<group>"; };
		6DE0DA8E20EB86EB005A045F /* IdCloudQrCodeReader.m */ = {isa = PBXFileReference; lastKnownFileType = sourcecode.c.objc; path = IdCloudQrCodeReader.m; sourceTree = "<group>"; };
		6DE0DA9920EBC579005A045F /* Base */ = {isa = PBXFileReference; lastKnownFileType = file.xib; name = Base; path = Base.lproj/IdCloudLoadingIndicator.xib; sourceTree = "<group>"; };
		6DE0DA9B20ECD234005A045F /* IdCloudLoadingIndicator.h */ = {isa = PBXFileReference; lastKnownFileType = sourcecode.c.h; path = IdCloudLoadingIndicator.h; sourceTree = "<group>"; };
		6DE0DA9C20ECD234005A045F /* IdCloudLoadingIndicator.m */ = {isa = PBXFileReference; lastKnownFileType = sourcecode.c.objc; path = IdCloudLoadingIndicator.m; sourceTree = "<group>"; };
		6DE0DABD20F213F0005A045F /* NSData+Protector.m */ = {isa = PBXFileReference; fileEncoding = 4; lastKnownFileType = sourcecode.c.objc; path = "NSData+Protector.m"; sourceTree = "<group>"; };
		6DE0DABE20F213F0005A045F /* NSString+Protector.m */ = {isa = PBXFileReference; fileEncoding = 4; lastKnownFileType = sourcecode.c.objc; path = "NSString+Protector.m"; sourceTree = "<group>"; };
		6DE0DABF20F213F0005A045F /* NSData+Protector.h */ = {isa = PBXFileReference; fileEncoding = 4; lastKnownFileType = sourcecode.c.h; path = "NSData+Protector.h"; sourceTree = "<group>"; };
		6DE0DAC020F213F0005A045F /* NSString+Protector.h */ = {isa = PBXFileReference; fileEncoding = 4; lastKnownFileType = sourcecode.c.h; path = "NSString+Protector.h"; sourceTree = "<group>"; };
		6DE0DAC820F21523005A045F /* CMain.h */ = {isa = PBXFileReference; lastKnownFileType = sourcecode.c.h; path = CMain.h; sourceTree = "<group>"; };
		6DE0DAC920F21523005A045F /* CMain.m */ = {isa = PBXFileReference; lastKnownFileType = sourcecode.c.objc; path = CMain.m; sourceTree = "<group>"; };
		6DE0DACC20F2168E005A045F /* Configuration.h */ = {isa = PBXFileReference; lastKnownFileType = sourcecode.c.h; path = Configuration.h; sourceTree = "<group>"; };
		6DE0DACE20F22261005A045F /* SecureStorage.m */ = {isa = PBXFileReference; fileEncoding = 4; lastKnownFileType = sourcecode.c.objc; path = SecureStorage.m; sourceTree = "<group>"; };
		6DE0DACF20F22261005A045F /* SecureStorage.h */ = {isa = PBXFileReference; fileEncoding = 4; lastKnownFileType = sourcecode.c.h; path = SecureStorage.h; sourceTree = "<group>"; };
		6DE0DAD220F22274005A045F /* UserDefaults.m */ = {isa = PBXFileReference; fileEncoding = 4; lastKnownFileType = sourcecode.c.objc; path = UserDefaults.m; sourceTree = "<group>"; };
		6DE0DAD320F22274005A045F /* UserDefaults.h */ = {isa = PBXFileReference; fileEncoding = 4; lastKnownFileType = sourcecode.c.h; path = UserDefaults.h; sourceTree = "<group>"; };
		6DE0DAD520F222A1005A045F /* Protocols.h */ = {isa = PBXFileReference; lastKnownFileType = sourcecode.c.h; path = Protocols.h; sourceTree = "<group>"; };
		6DE0DAD620F23B52005A045F /* PushManager.h */ = {isa = PBXFileReference; lastKnownFileType = sourcecode.c.h; path = PushManager.h; sourceTree = "<group>"; };
		6DE0DAD720F23B52005A045F /* PushManager.m */ = {isa = PBXFileReference; lastKnownFileType = sourcecode.c.objc; path = PushManager.m; sourceTree = "<group>"; };
		6DE0DADC20F246C4005A045F /* EzioMobileSampleApp.entitlements */ = {isa = PBXFileReference; lastKnownFileType = text.plist.entitlements; path = EzioMobileSampleApp.entitlements; sourceTree = "<group>"; };
		A1F08AB82AD65A65009E8EA6 /* SecureLogAPI.xcframework */ = {isa = PBXFileReference; lastKnownFileType = wrapper.xcframework; name = SecureLogAPI.xcframework; path = Frameworks/$CONFIGURATION/SecureLogAPI.xcframework; sourceTree = "<group>"; };
		E0616A0E28EFC53200205220 /* EzioMobile.xcframework */ = {isa = PBXFileReference; lastKnownFileType = wrapper.xcframework; name = EzioMobile.xcframework; path = Frameworks/$CONFIGURATION/EzioMobile.xcframework; sourceTree = "<group>"; };
		F4846EB7230D3E340034D115 /* Root.storyboard */ = {isa = PBXFileReference; lastKnownFileType = file.storyboard; path = Root.storyboard; sourceTree = "<group>"; };
		F4846EBA230D3EB10034D115 /* RootViewController.h */ = {isa = PBXFileReference; lastKnownFileType = sourcecode.c.h; path = RootViewController.h; sourceTree = "<group>"; };
		F4846EBB230D3EB10034D115 /* RootViewController.m */ = {isa = PBXFileReference; lastKnownFileType = sourcecode.c.objc; path = RootViewController.m; sourceTree = "<group>"; };
		F491783A22D4CA7C00E6E3F7 /* HomeViewController.h */ = {isa = PBXFileReference; lastKnownFileType = sourcecode.c.h; path = HomeViewController.h; sourceTree = "<group>"; };
		F491783B22D4CA7C00E6E3F7 /* HomeViewController.m */ = {isa = PBXFileReference; lastKnownFileType = sourcecode.c.objc; path = HomeViewController.m; sourceTree = "<group>"; };
		F491783D22D4CC6F00E6E3F7 /* SettingsViewController.h */ = {isa = PBXFileReference; lastKnownFileType = sourcecode.c.h; path = SettingsViewController.h; sourceTree = "<group>"; };
		F491783E22D4CC6F00E6E3F7 /* SettingsViewController.m */ = {isa = PBXFileReference; lastKnownFileType = sourcecode.c.objc; path = SettingsViewController.m; sourceTree = "<group>"; };
		F491784022D4D08100E6E3F7 /* SignTransactionViewController.h */ = {isa = PBXFileReference; lastKnownFileType = sourcecode.c.h; path = SignTransactionViewController.h; sourceTree = "<group>"; };
		F491784122D4D08100E6E3F7 /* SignTransactionViewController.m */ = {isa = PBXFileReference; lastKnownFileType = sourcecode.c.objc; path = SignTransactionViewController.m; sourceTree = "<group>"; };
		F491784322D4D17900E6E3F7 /* OTPViewController.h */ = {isa = PBXFileReference; lastKnownFileType = sourcecode.c.h; path = OTPViewController.h; sourceTree = "<group>"; };
		F491784422D4D17900E6E3F7 /* OTPViewController.m */ = {isa = PBXFileReference; lastKnownFileType = sourcecode.c.objc; path = OTPViewController.m; sourceTree = "<group>"; };
		F4AB30F823152503002CE4E8 /* IdCloudIncomingMessage.h */ = {isa = PBXFileReference; lastKnownFileType = sourcecode.c.h; path = IdCloudIncomingMessage.h; sourceTree = "<group>"; };
		F4AB30F923152503002CE4E8 /* IdCloudIncomingMessage.m */ = {isa = PBXFileReference; lastKnownFileType = sourcecode.c.objc; path = IdCloudIncomingMessage.m; sourceTree = "<group>"; };
		F4AB30FC23152533002CE4E8 /* IdCloudIncomingMessage.xib */ = {isa = PBXFileReference; lastKnownFileType = file.xib; path = IdCloudIncomingMessage.xib; sourceTree = "<group>"; };
		F4E23B1A22DDBE48005CD976 /* QRCodeManager.m */ = {isa = PBXFileReference; fileEncoding = 4; lastKnownFileType = sourcecode.c.objc; path = QRCodeManager.m; sourceTree = "<group>"; };
		F4EE07B0230AC72300344DEE /* CoreNFC.framework */ = {isa = PBXFileReference; lastKnownFileType = wrapper.framework; name = CoreNFC.framework; path = System/Library/Frameworks/CoreNFC.framework; sourceTree = SDKROOT; };
/* End PBXFileReference section */

/* Begin PBXFrameworksBuildPhase section */
		6DE0DA5020EB61E8005A045F /* Frameworks */ = {
			isa = PBXFrameworksBuildPhase;
			buildActionMask = 2147483647;
			files = (
				6D40D99C210B517A003E6F48 /* libsqlite3.0.tbd in Frameworks */,
				6D40D99A210B5173003E6F48 /* libc++.tbd in Frameworks */,
				6D40D996210B5161003E6F48 /* AVFoundation.framework in Frameworks */,
				A1F08AB92AD65A65009E8EA6 /* SecureLogAPI.xcframework in Frameworks */,
				A1F08ABD2AD65C31009E8EA6 /* EzioMobile.xcframework in Frameworks */,
				6D40D994210B515B003E6F48 /* Security.framework in Frameworks */,
				6D40D992210B5157003E6F48 /* LocalAuthentication.framework in Frameworks */,
				6D40D990210B5151003E6F48 /* UIKit.framework in Frameworks */,
				6DB1FAC722E7460D0031B4F3 /* IdCloudDesignable.framework in Frameworks */,
				6D40D98C210B5142003E6F48 /* Foundation.framework in Frameworks */,
			);
			runOnlyForDeploymentPostprocessing = 0;
		};
/* End PBXFrameworksBuildPhase section */

/* Begin PBXGroup section */
		6D3EAB1022E1E35B000C0E22 /* IdCloudSecureKeypad */ = {
			isa = PBXGroup;
			children = (
				6DB1F98022E483600031B4F3 /* Top View */,
				6D3EAB1122E1E376000C0E22 /* IdCloudSecureKeypadViewController.h */,
				6D3EAB1222E1E376000C0E22 /* IdCloudSecureKeypadViewController.m */,
				6D3EAB1422E1E50C000C0E22 /* IdCloudSecureKeypadViewController.xib */,
			);
			path = IdCloudSecureKeypad;
			sourceTree = "<group>";
		};
		6D5FC8E922D3571600A99FD5 /* Protector */ = {
			isa = PBXGroup;
			children = (
				6D5FC8EA22D357AF00A99FD5 /* ProvisionerViewController.h */,
				6D5FC8EB22D357AF00A99FD5 /* ProvisionerViewController.m */,
				F491783A22D4CA7C00E6E3F7 /* HomeViewController.h */,
				F491783B22D4CA7C00E6E3F7 /* HomeViewController.m */,
				F491783D22D4CC6F00E6E3F7 /* SettingsViewController.h */,
				F491783E22D4CC6F00E6E3F7 /* SettingsViewController.m */,
				F491784022D4D08100E6E3F7 /* SignTransactionViewController.h */,
				F491784122D4D08100E6E3F7 /* SignTransactionViewController.m */,
				F491784322D4D17900E6E3F7 /* OTPViewController.h */,
				F491784422D4D17900E6E3F7 /* OTPViewController.m */,
			);
			path = Protector;
			sourceTree = "<group>";
		};
		6D5FC8ED22D38E4B00A99FD5 /* IdCloudQRCodeReader */ = {
			isa = PBXGroup;
			children = (
				6DE0DA8D20EB86EB005A045F /* IdCloudQrCodeReader.h */,
				6DE0DA8E20EB86EB005A045F /* IdCloudQrCodeReader.m */,
				6D5FC8F622D483F800A99FD5 /* IdCloudQrCodeReader.xib */,
			);
			path = IdCloudQRCodeReader;
			sourceTree = "<group>";
		};
		6DB1F98022E483600031B4F3 /* Top View */ = {
			isa = PBXGroup;
			children = (
				6DB1F98B22E488F90031B4F3 /* IdCloudTopViewProtocol.h */,
				6DB1F98122E4837C0031B4F3 /* IdCloudPinEntryView.h */,
				6DB1F98222E4837C0031B4F3 /* IdCloudPinEntryView.m */,
				6DB1F98422E483880031B4F3 /* IdCloudPinEntryView.xib */,
				6DB1F98622E4839B0031B4F3 /* IdCloudChangePinView.h */,
				6DB1F98722E4839B0031B4F3 /* IdCloudChangePinView.m */,
				6DB1F98922E483A20031B4F3 /* IdCloudChangePinView.xib */,
			);
			path = "Top View";
			sourceTree = "<group>";
		};
		6DB1FA4E22E7005B0031B4F3 /* Support Files */ = {
			isa = PBXGroup;
			children = (
				6DE0DA6220EB61EA005A045F /* Assets.xcassets */,
				6DE0DADC20F246C4005A045F /* EzioMobileSampleApp.entitlements */,
				6DE0DA6420EB61EA005A045F /* LaunchScreen.storyboard */,
				6D40D9522109F350003E6F48 /* Localizable.strings */,
				6DE0DA6820EB61EA005A045F /* main.m */,
				6DB1FA4A22E6F9FE0031B4F3 /* ProtectorSample.plist */,
				6DE0DA6F20EB629D005A045F /* stdafx.h */,
				6D68F38C2328F8330076E51F /* stdafx.m */,
			);
			path = "Support Files";
			sourceTree = "<group>";
		};
		6DB1FAAC22E73E6E0031B4F3 /* Products */ = {
			isa = PBXGroup;
			children = (
				6DB1FAB022E73E6E0031B4F3 /* IdCloudDesignable.framework */,
			);
			name = Products;
			sourceTree = "<group>";
		};
		6DCA4BF522CCC49F0082F969 /* IdCloudNotification */ = {
			isa = PBXGroup;
			children = (
				6D2C857722F4567500204377 /* NotifyAction.h */,
				6D2C857822F4567500204377 /* NotifyAction.m */,
				6DCA4BF822CCC4D40082F969 /* IdCloudNotification.h */,
				6DCA4BF922CCC4D40082F969 /* IdCloudNotification.m */,
			);
			path = IdCloudNotification;
			sourceTree = "<group>";
		};
		6DCA4BFF22CCF4180082F969 /* IdCloudLoadingIndicator */ = {
			isa = PBXGroup;
			children = (
				6DE0DA9B20ECD234005A045F /* IdCloudLoadingIndicator.h */,
				6DE0DA9C20ECD234005A045F /* IdCloudLoadingIndicator.m */,
				6DE0DA9820EBC579005A045F /* IdCloudLoadingIndicator.xib */,
			);
			path = IdCloudLoadingIndicator;
			sourceTree = "<group>";
		};
		6DCA4C0422CDF3C60082F969 /* IdCloudStyle */ = {
			isa = PBXGroup;
			children = (
				6DB1FAAB22E73E6E0031B4F3 /* IdCloudDesignable.xcodeproj */,
				6D3EAB1022E1E35B000C0E22 /* IdCloudSecureKeypad */,
				6DCA4BFF22CCF4180082F969 /* IdCloudLoadingIndicator */,
				6DCA4BF522CCC49F0082F969 /* IdCloudNotification */,
				F4AB30F7231524D3002CE4E8 /* IdCloudIncomingMessage */,
				6D5FC8ED22D38E4B00A99FD5 /* IdCloudQRCodeReader */,
			);
			path = IdCloudStyle;
			sourceTree = "<group>";
		};
		6DE0DA4A20EB61E8005A045F = {
			isa = PBXGroup;
			children = (
				6DE0DA5520EB61E8005A045F /* EzioMobileSampleApp */,
				6DE0DA5420EB61E8005A045F /* Products */,
				6DE0DA7320EB640B005A045F /* Frameworks */,
			);
			sourceTree = "<group>";
		};
		6DE0DA5420EB61E8005A045F /* Products */ = {
			isa = PBXGroup;
			children = (
				6DE0DA5320EB61E8005A045F /* ProtectorSample.app */,
			);
			name = Products;
			sourceTree = "<group>";
		};
		6DE0DA5520EB61E8005A045F /* EzioMobileSampleApp */ = {
			isa = PBXGroup;
			children = (
				6DE0DA7720EB66B0005A045F /* GUI */,
				6DE0DAAE20F213F0005A045F /* Helpers */,
				6DB1FA4E22E7005B0031B4F3 /* Support Files */,
				6DE0DA5620EB61E8005A045F /* AppDelegate.h */,
				6DE0DA5720EB61E8005A045F /* AppDelegate.m */,
				6DE0DA5F20EB61E8005A045F /* Protector.storyboard */,
				F4846EB7230D3E340034D115 /* Root.storyboard */,
			);
			path = EzioMobileSampleApp;
			sourceTree = "<group>";
		};
		6DE0DA7320EB640B005A045F /* Frameworks */ = {
			isa = PBXGroup;
			children = (
				A1F08AB82AD65A65009E8EA6 /* SecureLogAPI.xcframework */,
				E0616A0E28EFC53200205220 /* EzioMobile.xcframework */,
				F4EE07B0230AC72300344DEE /* CoreNFC.framework */,
				6DDBADD422F099A8009079C6 /* AudioToolbox.framework */,
				6D40D99B210B517A003E6F48 /* libsqlite3.0.tbd */,
				6D40D999210B5173003E6F48 /* libc++.tbd */,
				6D40D995210B5160003E6F48 /* AVFoundation.framework */,
				6D40D993210B515B003E6F48 /* Security.framework */,
				6D40D991210B5157003E6F48 /* LocalAuthentication.framework */,
				6D40D98F210B5151003E6F48 /* UIKit.framework */,
				6D40D98B210B5142003E6F48 /* Foundation.framework */,
			);
			name = Frameworks;
			sourceTree = "<group>";
		};
		6DE0DA7720EB66B0005A045F /* GUI */ = {
			isa = PBXGroup;
			children = (
				6DCA4C0422CDF3C60082F969 /* IdCloudStyle */,
				6D5FC8E922D3571600A99FD5 /* Protector */,
				6D40D9452109DBAC003E6F48 /* BaseViewController.h */,
				6D40D9462109DBAC003E6F48 /* BaseViewController.m */,
				F4846EBA230D3EB10034D115 /* RootViewController.h */,
				F4846EBB230D3EB10034D115 /* RootViewController.m */,
				6DCFC71E22E1C4BC00B1FD4E /* SideMenuViewController.h */,
				6DCFC71F22E1C4BC00B1FD4E /* SideMenuViewController.m */,
			);
			path = GUI;
			sourceTree = "<group>";
		};
		6DE0DAAE20F213F0005A045F /* Helpers */ = {
			isa = PBXGroup;
			children = (
				6DE0DAAF20F213F0005A045F /* App */,
				6DE0DAB520F213F0005A045F /* Protector */,
				6DE0DAC820F21523005A045F /* CMain.h */,
				6DE0DAC920F21523005A045F /* CMain.m */,
				6DE0DACC20F2168E005A045F /* Configuration.h */,
				6DB6B2A62141279E004F27FA /* Configuration.m */,
				6DE0DAD520F222A1005A045F /* Protocols.h */,
			);
			path = Helpers;
			sourceTree = "<group>";
		};
		6DE0DAAF20F213F0005A045F /* App */ = {
			isa = PBXGroup;
			children = (
				6DE0DAD120F22274005A045F /* Storage */,
			);
			path = App;
			sourceTree = "<group>";
		};
		6DE0DAB520F213F0005A045F /* Protector */ = {
			isa = PBXGroup;
			children = (
				6DE0DABC20F213F0005A045F /* Categories */,
				6DE0DACD20F22261005A045F /* Storage */,
				6DE0DAD620F23B52005A045F /* PushManager.h */,
				6DE0DAD720F23B52005A045F /* PushManager.m */,
				6DA5760720F383E500CCF413 /* TokenManager.h */,
				6DA5760820F383E500CCF413 /* TokenManager.m */,
				6DA5760F20F4ACC100CCF413 /* QRCodeManager.h */,
				F4E23B1A22DDBE48005CD976 /* QRCodeManager.m */,
				6DA5760C20F3AC1200CCF413 /* TokenDevice.h */,
				6DA5760D20F3AC1200CCF413 /* TokenDevice.m */,
				6D9FF91721F73A8D00C4C0F0 /* KeyValue.h */,
				6D9FF91821F73A8D00C4C0F0 /* KeyValue.m */,
			);
			path = Protector;
			sourceTree = "<group>";
		};
		6DE0DABC20F213F0005A045F /* Categories */ = {
			isa = PBXGroup;
			children = (
				6DE0DABF20F213F0005A045F /* NSData+Protector.h */,
				6DE0DABD20F213F0005A045F /* NSData+Protector.m */,
				6DE0DAC020F213F0005A045F /* NSString+Protector.h */,
				6DE0DABE20F213F0005A045F /* NSString+Protector.m */,
			);
			path = Categories;
			sourceTree = "<group>";
		};
		6DE0DACD20F22261005A045F /* Storage */ = {
			isa = PBXGroup;
			children = (
				6DE0DACF20F22261005A045F /* SecureStorage.h */,
				6DE0DACE20F22261005A045F /* SecureStorage.m */,
			);
			path = Storage;
			sourceTree = "<group>";
		};
		6DE0DAD120F22274005A045F /* Storage */ = {
			isa = PBXGroup;
			children = (
				6DE0DAD320F22274005A045F /* UserDefaults.h */,
				6DE0DAD220F22274005A045F /* UserDefaults.m */,
			);
			path = Storage;
			sourceTree = "<group>";
		};
		F4AB30F7231524D3002CE4E8 /* IdCloudIncomingMessage */ = {
			isa = PBXGroup;
			children = (
				F4AB30F823152503002CE4E8 /* IdCloudIncomingMessage.h */,
				F4AB30F923152503002CE4E8 /* IdCloudIncomingMessage.m */,
				F4AB30FC23152533002CE4E8 /* IdCloudIncomingMessage.xib */,
			);
			path = IdCloudIncomingMessage;
			sourceTree = "<group>";
		};
/* End PBXGroup section */

/* Begin PBXNativeTarget section */
		6DE0DA5220EB61E8005A045F /* ProtectorSample */ = {
			isa = PBXNativeTarget;
			buildConfigurationList = 6DE0DA6C20EB61EA005A045F /* Build configuration list for PBXNativeTarget "ProtectorSample" */;
			buildPhases = (
				6DE0DA4F20EB61E8005A045F /* Sources */,
				6DE0DA5020EB61E8005A045F /* Frameworks */,
				6DE0DA5120EB61E8005A045F /* Resources */,
				6D53E6A42146AC4F0052465D /* Mark interesting parts of code */,
				6DB1FACB22E7460E0031B4F3 /* Embed Frameworks */,
			);
			buildRules = (
			);
			dependencies = (
				6DB1FACA22E7460D0031B4F3 /* PBXTargetDependency */,
			);
			name = ProtectorSample;
			productName = EzioMobileSampleApp;
			productReference = 6DE0DA5320EB61E8005A045F /* ProtectorSample.app */;
			productType = "com.apple.product-type.application";
		};
/* End PBXNativeTarget section */

/* Begin PBXProject section */
		6DE0DA4B20EB61E8005A045F /* Project object */ = {
			isa = PBXProject;
			attributes = {
				LastUpgradeCheck = 1020;
				ORGANIZATIONNAME = Gemalto;
				TargetAttributes = {
					6DE0DA5220EB61E8005A045F = {
						CreatedOnToolsVersion = 9.4.1;
						SystemCapabilities = {
							com.apple.Push = {
								enabled = 1;
							};
						};
					};
				};
			};
			buildConfigurationList = 6DE0DA4E20EB61E8005A045F /* Build configuration list for PBXProject "EzioMobileSampleApp" */;
			compatibilityVersion = "Xcode 9.3";
			developmentRegion = en;
			hasScannedForEncodings = 0;
			knownRegions = (
				en,
				Base,
			);
			mainGroup = 6DE0DA4A20EB61E8005A045F;
			productRefGroup = 6DE0DA5420EB61E8005A045F /* Products */;
			projectDirPath = "";
			projectReferences = (
				{
					ProductGroup = 6DB1FAAC22E73E6E0031B4F3 /* Products */;
					ProjectRef = 6DB1FAAB22E73E6E0031B4F3 /* IdCloudDesignable.xcodeproj */;
				},
			);
			projectRoot = "";
			targets = (
				6DE0DA5220EB61E8005A045F /* ProtectorSample */,
			);
		};
/* End PBXProject section */

/* Begin PBXReferenceProxy section */
		6DB1FAB022E73E6E0031B4F3 /* IdCloudDesignable.framework */ = {
			isa = PBXReferenceProxy;
			fileType = wrapper.framework;
			path = IdCloudDesignable.framework;
			remoteRef = 6DB1FAAF22E73E6E0031B4F3 /* PBXContainerItemProxy */;
			sourceTree = BUILT_PRODUCTS_DIR;
		};
/* End PBXReferenceProxy section */

/* Begin PBXResourcesBuildPhase section */
		6DE0DA5120EB61E8005A045F /* Resources */ = {
			isa = PBXResourcesBuildPhase;
			buildActionMask = 2147483647;
			files = (
				F4AB30FD23152533002CE4E8 /* IdCloudIncomingMessage.xib in Resources */,
				6D40D9502109F350003E6F48 /* Localizable.strings in Resources */,
				6DB1F98A22E483A20031B4F3 /* IdCloudChangePinView.xib in Resources */,
				6D5FC8F722D483F800A99FD5 /* IdCloudQrCodeReader.xib in Resources */,
				6DE0DA6620EB61EA005A045F /* LaunchScreen.storyboard in Resources */,
				F4846EB8230D3E340034D115 /* Root.storyboard in Resources */,
				6DE0DA6320EB61EA005A045F /* Assets.xcassets in Resources */,
				6DE0DA6120EB61E8005A045F /* Protector.storyboard in Resources */,
				6DB1F98522E483880031B4F3 /* IdCloudPinEntryView.xib in Resources */,
				6D3EAB1522E1E50C000C0E22 /* IdCloudSecureKeypadViewController.xib in Resources */,
				6DE0DA9A20EBC579005A045F /* IdCloudLoadingIndicator.xib in Resources */,
			);
			runOnlyForDeploymentPostprocessing = 0;
		};
/* End PBXResourcesBuildPhase section */

/* Begin PBXShellScriptBuildPhase section */
		6D53E6A42146AC4F0052465D /* Mark interesting parts of code */ = {
			isa = PBXShellScriptBuildPhase;
			buildActionMask = 2147483647;
			files = (
			);
			inputPaths = (
			);
			name = "Mark interesting parts of code";
			outputPaths = (
			);
			runOnlyForDeploymentPostprocessing = 0;
			shellPath = /bin/sh;
			shellScript = "TAGS=\"SAMPLE:\"\necho \"searching ${SRCROOT} for ${TAGS}\"\nfind \"${SRCROOT}\" \\( -name \"*.m\" -o -name \"*.h\" \\) -print0 | xargs -0 egrep --with-filename --line-number --only-matching \"($TAGS).*\\$\" | perl -p -e \"s/($TAGS)/ warning: \\$1/\"\n";
		};
/* End PBXShellScriptBuildPhase section */

/* Begin PBXSourcesBuildPhase section */
		6DE0DA4F20EB61E8005A045F /* Sources */ = {
			isa = PBXSourcesBuildPhase;
			buildActionMask = 2147483647;
			files = (
				6DA5760920F383E500CCF413 /* TokenManager.m in Sources */,
				6D9FF91921F73A8D00C4C0F0 /* KeyValue.m in Sources */,
				6DE0DAC620F213F0005A045F /* NSData+Protector.m in Sources */,
				F4846EBC230D3EB10034D115 /* RootViewController.m in Sources */,
				6DE0DA9D20ECD234005A045F /* IdCloudLoadingIndicator.m in Sources */,
				6DA5760E20F3AC1200CCF413 /* TokenDevice.m in Sources */,
				6DE0DAD020F22261005A045F /* SecureStorage.m in Sources */,
				F491783C22D4CA7C00E6E3F7 /* HomeViewController.m in Sources */,
				6DE0DA5820EB61E8005A045F /* AppDelegate.m in Sources */,
				6DE0DAD420F22274005A045F /* UserDefaults.m in Sources */,
				6DB1F98822E4839B0031B4F3 /* IdCloudChangePinView.m in Sources */,
				F491784222D4D08100E6E3F7 /* SignTransactionViewController.m in Sources */,
				6DCA4BFA22CCC4D40082F969 /* IdCloudNotification.m in Sources */,
				6DE0DAD820F23B52005A045F /* PushManager.m in Sources */,
				6D5FC8EC22D357AF00A99FD5 /* ProvisionerViewController.m in Sources */,
				F491783F22D4CC6F00E6E3F7 /* SettingsViewController.m in Sources */,
				6DE0DA6920EB61EA005A045F /* main.m in Sources */,
				6DCFC72022E1C4BC00B1FD4E /* SideMenuViewController.m in Sources */,
				F4E23B1B22DDBE48005CD976 /* QRCodeManager.m in Sources */,
				6D68F38E2328F8380076E51F /* stdafx.m in Sources */,
				6DB1F98322E4837C0031B4F3 /* IdCloudPinEntryView.m in Sources */,
				6D40D9472109DBAC003E6F48 /* BaseViewController.m in Sources */,
				6D3EAB1322E1E376000C0E22 /* IdCloudSecureKeypadViewController.m in Sources */,
				F4AB30FB23152509002CE4E8 /* IdCloudIncomingMessage.m in Sources */,
				6D2C857922F4567500204377 /* NotifyAction.m in Sources */,
				6DE0DAC720F213F0005A045F /* NSString+Protector.m in Sources */,
				6DE0DA8F20EB86EB005A045F /* IdCloudQrCodeReader.m in Sources */,
				F491784522D4D17900E6E3F7 /* OTPViewController.m in Sources */,
				6DE0DACA20F21523005A045F /* CMain.m in Sources */,
				6DB6B2A72141279E004F27FA /* Configuration.m in Sources */,
			);
			runOnlyForDeploymentPostprocessing = 0;
		};
/* End PBXSourcesBuildPhase section */

/* Begin PBXTargetDependency section */
		6DB1FACA22E7460D0031B4F3 /* PBXTargetDependency */ = {
			isa = PBXTargetDependency;
			name = IdCloudDesignable;
			targetProxy = 6DB1FAC922E7460D0031B4F3 /* PBXContainerItemProxy */;
		};
/* End PBXTargetDependency section */

/* Begin PBXVariantGroup section */
		6D40D9522109F350003E6F48 /* Localizable.strings */ = {
			isa = PBXVariantGroup;
			children = (
				6D40D9542109F433003E6F48 /* Base */,
			);
			name = Localizable.strings;
			sourceTree = "<group>";
		};
		6DE0DA5F20EB61E8005A045F /* Protector.storyboard */ = {
			isa = PBXVariantGroup;
			children = (
				6DE0DA6020EB61E8005A045F /* Base */,
			);
			name = Protector.storyboard;
			sourceTree = "<group>";
		};
		6DE0DA6420EB61EA005A045F /* LaunchScreen.storyboard */ = {
			isa = PBXVariantGroup;
			children = (
				6DE0DA6520EB61EA005A045F /* Base */,
			);
			name = LaunchScreen.storyboard;
			sourceTree = "<group>";
		};
		6DE0DA9820EBC579005A045F /* IdCloudLoadingIndicator.xib */ = {
			isa = PBXVariantGroup;
			children = (
				6DE0DA9920EBC579005A045F /* Base */,
			);
			name = IdCloudLoadingIndicator.xib;
			sourceTree = "<group>";
		};
/* End PBXVariantGroup section */

/* Begin XCBuildConfiguration section */
		6DE0DA6A20EB61EA005A045F /* Debug */ = {
			isa = XCBuildConfiguration;
			buildSettings = {
				ALWAYS_SEARCH_USER_PATHS = NO;
				CLANG_ANALYZER_NUMBER_OBJECT_CONVERSION = YES_AGGRESSIVE;
				CLANG_ANALYZER_SECURITY_FLOATLOOPCOUNTER = YES;
				CLANG_ANALYZER_SECURITY_INSECUREAPI_RAND = YES;
				CLANG_ANALYZER_SECURITY_INSECUREAPI_STRCPY = YES;
				CLANG_CXX_LANGUAGE_STANDARD = "gnu++14";
				CLANG_CXX_LIBRARY = "libc++";
				CLANG_ENABLE_MODULES = YES;
				CLANG_ENABLE_OBJC_ARC = YES;
				CLANG_ENABLE_OBJC_WEAK = YES;
				CLANG_WARN_BLOCK_CAPTURE_AUTORELEASING = YES;
				CLANG_WARN_BOOL_CONVERSION = YES;
				CLANG_WARN_COMMA = YES;
				CLANG_WARN_CONSTANT_CONVERSION = YES;
				CLANG_WARN_DEPRECATED_OBJC_IMPLEMENTATIONS = YES;
				CLANG_WARN_DIRECT_OBJC_ISA_USAGE = YES_ERROR;
				CLANG_WARN_DOCUMENTATION_COMMENTS = YES;
				CLANG_WARN_EMPTY_BODY = YES;
				CLANG_WARN_ENUM_CONVERSION = YES;
				CLANG_WARN_INFINITE_RECURSION = YES;
				CLANG_WARN_INT_CONVERSION = YES;
				CLANG_WARN_NON_LITERAL_NULL_CONVERSION = YES;
				CLANG_WARN_OBJC_IMPLICIT_RETAIN_SELF = YES;
				CLANG_WARN_OBJC_LITERAL_CONVERSION = YES;
				CLANG_WARN_OBJC_ROOT_CLASS = YES_ERROR;
				CLANG_WARN_RANGE_LOOP_ANALYSIS = YES;
				CLANG_WARN_STRICT_PROTOTYPES = YES;
				CLANG_WARN_SUSPICIOUS_MOVE = YES;
				CLANG_WARN_UNGUARDED_AVAILABILITY = YES_AGGRESSIVE;
				CLANG_WARN_UNREACHABLE_CODE = YES;
				CLANG_WARN__DUPLICATE_METHOD_MATCH = YES;
				CODE_SIGN_IDENTITY = "iPhone Developer";
				COPY_PHASE_STRIP = NO;
				DEBUG_INFORMATION_FORMAT = "dwarf-with-dsym";
				ENABLE_STRICT_OBJC_MSGSEND = YES;
				ENABLE_TESTABILITY = YES;
				GCC_C_LANGUAGE_STANDARD = gnu11;
				GCC_DYNAMIC_NO_PIC = NO;
				GCC_NO_COMMON_BLOCKS = YES;
				GCC_OPTIMIZATION_LEVEL = 0;
				GCC_PRECOMPILE_PREFIX_HEADER = YES;
				GCC_PREFIX_HEADER = "$(SRCROOT)/EzioMobileSampleApp/Support Files/stdafx.h";
				GCC_PREPROCESSOR_DEFINITIONS = (
					"DEBUG=1",
					"$(inherited)",
				);
				GCC_UNROLL_LOOPS = YES;
				GCC_WARN_64_TO_32_BIT_CONVERSION = YES;
				GCC_WARN_ABOUT_RETURN_TYPE = YES_ERROR;
				GCC_WARN_UNDECLARED_SELECTOR = YES;
				GCC_WARN_UNINITIALIZED_AUTOS = YES_AGGRESSIVE;
				GCC_WARN_UNUSED_FUNCTION = YES;
				GCC_WARN_UNUSED_VARIABLE = YES;
				IPHONEOS_DEPLOYMENT_TARGET = 13.0;
				MTL_ENABLE_DEBUG_INFO = YES;
				ONLY_ACTIVE_ARCH = YES;
				OTHER_CFLAGS = (
					"-fstack-protector-all",
					"-finline-functions",
				);
				RUN_CLANG_STATIC_ANALYZER = NO;
				SDKROOT = iphoneos;
			};
			name = Debug;
		};
		6DE0DA6B20EB61EA005A045F /* Release */ = {
			isa = XCBuildConfiguration;
			buildSettings = {
				ALWAYS_SEARCH_USER_PATHS = NO;
				CLANG_ANALYZER_NUMBER_OBJECT_CONVERSION = YES_AGGRESSIVE;
				CLANG_ANALYZER_SECURITY_FLOATLOOPCOUNTER = YES;
				CLANG_ANALYZER_SECURITY_INSECUREAPI_RAND = YES;
				CLANG_ANALYZER_SECURITY_INSECUREAPI_STRCPY = YES;
				CLANG_CXX_LANGUAGE_STANDARD = "gnu++14";
				CLANG_CXX_LIBRARY = "libc++";
				CLANG_ENABLE_MODULES = YES;
				CLANG_ENABLE_OBJC_ARC = YES;
				CLANG_ENABLE_OBJC_WEAK = YES;
				CLANG_WARN_BLOCK_CAPTURE_AUTORELEASING = YES;
				CLANG_WARN_BOOL_CONVERSION = YES;
				CLANG_WARN_COMMA = YES;
				CLANG_WARN_CONSTANT_CONVERSION = YES;
				CLANG_WARN_DEPRECATED_OBJC_IMPLEMENTATIONS = YES;
				CLANG_WARN_DIRECT_OBJC_ISA_USAGE = YES_ERROR;
				CLANG_WARN_DOCUMENTATION_COMMENTS = YES;
				CLANG_WARN_EMPTY_BODY = YES;
				CLANG_WARN_ENUM_CONVERSION = YES;
				CLANG_WARN_INFINITE_RECURSION = YES;
				CLANG_WARN_INT_CONVERSION = YES;
				CLANG_WARN_NON_LITERAL_NULL_CONVERSION = YES;
				CLANG_WARN_OBJC_IMPLICIT_RETAIN_SELF = YES;
				CLANG_WARN_OBJC_LITERAL_CONVERSION = YES;
				CLANG_WARN_OBJC_ROOT_CLASS = YES_ERROR;
				CLANG_WARN_RANGE_LOOP_ANALYSIS = YES;
				CLANG_WARN_STRICT_PROTOTYPES = YES;
				CLANG_WARN_SUSPICIOUS_MOVE = YES;
				CLANG_WARN_UNGUARDED_AVAILABILITY = YES_AGGRESSIVE;
				CLANG_WARN_UNREACHABLE_CODE = YES;
				CLANG_WARN__DUPLICATE_METHOD_MATCH = YES;
				CODE_SIGN_IDENTITY = "iPhone Developer";
				COPY_PHASE_STRIP = YES;
				DEBUG_INFORMATION_FORMAT = "dwarf-with-dsym";
				DEPLOYMENT_POSTPROCESSING = YES;
				ENABLE_NS_ASSERTIONS = NO;
				ENABLE_STRICT_OBJC_MSGSEND = YES;
				GCC_C_LANGUAGE_STANDARD = gnu11;
				GCC_GENERATE_DEBUGGING_SYMBOLS = NO;
				GCC_NO_COMMON_BLOCKS = YES;
				GCC_OPTIMIZATION_LEVEL = 3;
				GCC_PRECOMPILE_PREFIX_HEADER = YES;
				GCC_PREFIX_HEADER = "$(SRCROOT)/EzioMobileSampleApp/Support Files/stdafx.h";
				GCC_UNROLL_LOOPS = YES;
				GCC_WARN_64_TO_32_BIT_CONVERSION = YES;
				GCC_WARN_ABOUT_RETURN_TYPE = YES_ERROR;
				GCC_WARN_UNDECLARED_SELECTOR = YES;
				GCC_WARN_UNINITIALIZED_AUTOS = YES_AGGRESSIVE;
				GCC_WARN_UNUSED_FUNCTION = YES;
				GCC_WARN_UNUSED_VARIABLE = YES;
				IPHONEOS_DEPLOYMENT_TARGET = 13.0;
				MTL_ENABLE_DEBUG_INFO = NO;
				OTHER_CFLAGS = (
					"-fstack-protector-all",
					"-finline-functions",
				);
				RUN_CLANG_STATIC_ANALYZER = YES;
				SDKROOT = iphoneos;
				VALIDATE_PRODUCT = YES;
			};
			name = Release;
		};
		6DE0DA6D20EB61EA005A045F /* Debug */ = {
			isa = XCBuildConfiguration;
			buildSettings = {
				ASSETCATALOG_COMPILER_APPICON_NAME = AppIcon;
				CODE_SIGN_ENTITLEMENTS = "EzioMobileSampleApp/Support Files/EzioMobileSampleApp.entitlements";
				CODE_SIGN_IDENTITY = "iPhone Developer";
				CODE_SIGN_STYLE = Automatic;
				CURRENT_PROJECT_VERSION = 26;
				DEVELOPMENT_TEAM = "";
				ENABLE_BITCODE = NO;
				GCC_INSTRUMENT_PROGRAM_FLOW_ARCS = YES;
				INFOPLIST_FILE = "EzioMobileSampleApp/Support Files/ProtectorSample.plist";
				IPHONEOS_DEPLOYMENT_TARGET = 13.0;
				LD_RUNPATH_SEARCH_PATHS = (
					"$(inherited)",
					"@executable_path/Frameworks",
				);
				OTHER_LDFLAGS = (
					"-lc++",
					"-fprofile-arcs",
				);
				PRODUCT_BUNDLE_IDENTIFIER = com.thalesgroup.EzioMobileSampleApps;
				PRODUCT_NAME = "$(TARGET_NAME)";
				PROVISIONING_PROFILE_SPECIFIER = "";
				TARGETED_DEVICE_FAMILY = "1,2";
			};
			name = Debug;
		};
		6DE0DA6E20EB61EA005A045F /* Release */ = {
			isa = XCBuildConfiguration;
			buildSettings = {
				ASSETCATALOG_COMPILER_APPICON_NAME = AppIcon;
				CODE_SIGN_ENTITLEMENTS = "EzioMobileSampleApp/Support Files/EzioMobileSampleApp.entitlements";
				CODE_SIGN_IDENTITY = "iPhone Developer";
				CODE_SIGN_STYLE = Manual;
				CURRENT_PROJECT_VERSION = 26;
				DEVELOPMENT_TEAM = "";
				ENABLE_BITCODE = NO;
				GCC_INSTRUMENT_PROGRAM_FLOW_ARCS = YES;
				INFOPLIST_FILE = "EzioMobileSampleApp/Support Files/ProtectorSample.plist";
				IPHONEOS_DEPLOYMENT_TARGET = 13.0;
				LD_RUNPATH_SEARCH_PATHS = (
					"$(inherited)",
					"@executable_path/Frameworks",
				);
				OTHER_LDFLAGS = "-lc++";
				PRODUCT_BUNDLE_IDENTIFIER = com.thalesgroup.EzioMobileSampleApp;
				PRODUCT_NAME = "$(TARGET_NAME)";
				PROVISIONING_PROFILE_SPECIFIER = "";
				TARGETED_DEVICE_FAMILY = "1,2";
			};
			name = Release;
		};
/* End XCBuildConfiguration section */

/* Begin XCConfigurationList section */
		6DE0DA4E20EB61E8005A045F /* Build configuration list for PBXProject "EzioMobileSampleApp" */ = {
			isa = XCConfigurationList;
			buildConfigurations = (
				6DE0DA6A20EB61EA005A045F /* Debug */,
				6DE0DA6B20EB61EA005A045F /* Release */,
			);
			defaultConfigurationIsVisible = 0;
			defaultConfigurationName = Release;
		};
		6DE0DA6C20EB61EA005A045F /* Build configuration list for PBXNativeTarget "ProtectorSample" */ = {
			isa = XCConfigurationList;
			buildConfigurations = (
				6DE0DA6D20EB61EA005A045F /* Debug */,
				6DE0DA6E20EB61EA005A045F /* Release */,
			);
			defaultConfigurationIsVisible = 0;
			defaultConfigurationName = Release;
		};
/* End XCConfigurationList section */
	};
	rootObject = 6DE0DA4B20EB61E8005A045F /* Project object */;
}
